
Microsoft Visual Studio Solution File, Format Version 12.00
# Visual Studio 14
VisualStudioVersion = 14.0.25420.1
MinimumVisualStudioVersion = 10.0.40219.1
Project("{8BC9CEB8-8B4A-11D0-8D11-00A0C91BC942}") = "XC.Core", "XC.Core\XC.Core.vcxitems", "{A6F4B074-8D8A-49F5-AEE7-62A71C75B567}"
EndProject
Project("{8BC9CEB8-8B4A-11D0-8D11-00A0C91BC942}") = "UnitTest", "UnitTest\UnitTest.vcxproj", "{E0037EFF-D1BA-4133-97DE-EA1C05E7102C}"
EndProject
Project("{8BC9CEB8-8B4A-11D0-8D11-00A0C91BC942}") = "RBTreeGUITest", "RBTreeGUITest\RBTreeGUITest.vcxproj", "{B12702AD-ABFB-343A-A199-8E24837244A3}"
EndProject
Global
	GlobalSection(SharedMSBuildProjectFiles) = preSolution
		XC.Core\XC.Core.vcxitems*{a6f4b074-8d8a-49f5-aee7-62a71c75b567}*SharedItemsImports = 9
		XC.Core\XC.Core.vcxitems*{b12702ad-abfb-343a-a199-8e24837244a3}*SharedItemsImports = 4
	EndGlobalSection
	GlobalSection(SolutionConfigurationPlatforms) = preSolution
		Debug|x64 = Debug|x64
		Debug|x86 = Debug|x86
		Release|x64 = Release|x64
		Release|x86 = Release|x86
	EndGlobalSection
	GlobalSection(ProjectConfigurationPlatforms) = postSolution
		{E0037EFF-D1BA-4133-97DE-EA1C05E7102C}.Debug|x64.ActiveCfg = Debug|x64
		{E0037EFF-D1BA-4133-97DE-EA1C05E7102C}.Debug|x64.Build.0 = Debug|x64
		{E0037EFF-D1BA-4133-97DE-EA1C05E7102C}.Debug|x86.ActiveCfg = Debug|Win32
		{E0037EFF-D1BA-4133-97DE-EA1C05E7102C}.Debug|x86.Build.0 = Debug|Win32
		{E0037EFF-D1BA-4133-97DE-EA1C05E7102C}.Release|x64.ActiveCfg = Release|x64
		{E0037EFF-D1BA-4133-97DE-EA1C05E7102C}.Release|x64.Build.0 = Release|x64
		{E0037EFF-D1BA-4133-97DE-EA1C05E7102C}.Release|x86.ActiveCfg = Release|Win32
		{E0037EFF-D1BA-4133-97DE-EA1C05E7102C}.Release|x86.Build.0 = Release|Win32
		{B12702AD-ABFB-343A-A199-8E24837244A3}.Debug|x64.ActiveCfg = Debug|Win32
		{B12702AD-ABFB-343A-A199-8E24837244A3}.Debug|x86.ActiveCfg = Debug|Win32
		{B12702AD-ABFB-343A-A199-8E24837244A3}.Debug|x86.Build.0 = Debug|Win32
		{B12702AD-ABFB-343A-A199-8E24837244A3}.Release|x64.ActiveCfg = Release|Win32
		{B12702AD-ABFB-343A-A199-8E24837244A3}.Release|x86.ActiveCfg = Release|Win32
		{B12702AD-ABFB-343A-A199-8E24837244A3}.Release|x86.Build.0 = Release|Win32
	EndGlobalSection
	GlobalSection(SolutionProperties) = preSolution
		HideSolutionNode = FALSE
	EndGlobalSection
EndGlobal
