<?xml version="1.0" encoding="utf-8"?>
<Project ToolsVersion="4.0" xmlns="http://schemas.microsoft.com/developer/msbuild/2003">
  <ItemGroup>
    <Filter Include="源文件">
      <UniqueIdentifier>{4FC737F1-C7A5-4376-A066-2A32D752A2FF}</UniqueIdentifier>
      <Extensions>cpp;c;cc;cxx;def;odl;idl;hpj;bat;asm;asmx</Extensions>
    </Filter>
    <Filter Include="头文件">
      <UniqueIdentifier>{93995380-89BD-4b04-88EB-625FBE52EBFB}</UniqueIdentifier>
      <Extensions>h;hh;hpp;hxx;hm;inl;inc;xsd</Extensions>
    </Filter>
    <Filter Include="资源文件">
      <UniqueIdentifier>{67DA6AB6-F800-4c08-8B7A-83BB121AAD01}</UniqueIdentifier>
      <Extensions>rc;ico;cur;bmp;dlg;rc2;rct;bin;rgs;gif;jpg;jpeg;jpe;resx;tiff;tif;png;wav;mfcribbon-ms</Extensions>
    </Filter>
  </ItemGroup>
  <ItemGroup>
    <ClCompile Include="XAbstractParseNode.cpp">
      <Filter>源文件</Filter>
    </ClCompile>
    <ClCompile Include="XVariableParseNode.cpp">
      <Filter>源文件</Filter>
    </ClCompile>
    <ClCompile Include="BasicParseNodes\XPlusParseNode.cpp">
      <Filter>源文件</Filter>
    </ClCompile>
    <ClCompile Include="XFunctionParser.cpp">
      <Filter>源文件</Filter>
    </ClCompile>
    <ClCompile Include="BasicParseNodes\XMinusParseNode.cpp">
      <Filter>源文件</Filter>
    </ClCompile>
    <ClCompile Include="XConstantParseNode.cpp">
      <Filter>源文件</Filter>
    </ClCompile>
    <ClCompile Include="BasicParseNodes\XMultiplyParseNode.cpp">
      <Filter>源文件</Filter>
    </ClCompile>
    <ClCompile Include="BasicParseNodes\XDivideParseNode.cpp">
      <Filter>源文件</Filter>
    </ClCompile>
    <ClCompile Include="BasicParseNodes\XSinParseNode.cpp">
      <Filter>源文件</Filter>
    </ClCompile>
    <ClCompile Include="BasicParseNodes\XPowerParseNode.cpp">
      <Filter>源文件</Filter>
    </ClCompile>
    <ClCompile Include="BasicParseNodes\XCosParseNode.cpp">
      <Filter>源文件</Filter>
    </ClCompile>
    <ClCompile Include="BasicParseNodes\XTanParseNode.cpp">
      <Filter>源文件</Filter>
    </ClCompile>
    <ClCompile Include="BasicParseNodes\XExpParseNode.cpp">
      <Filter>源文件</Filter>
    </ClCompile>
    <ClCompile Include="main.cpp">
      <Filter>源文件</Filter>
    </ClCompile>
    <ClCompile Include="BasicParseNodes\XLnParseNode.cpp">
      <Filter>源文件</Filter>
    </ClCompile>
    <ClCompile Include="XNewton.cpp">
      <Filter>源文件</Filter>
    </ClCompile>
    <ClCompile Include="BasicParseNodes\XNegateParseNode.cpp">
      <Filter>源文件</Filter>
    </ClCompile>
  </ItemGroup>
  <ItemGroup>
    <ClInclude Include="XAbstractParseNode.h">
      <Filter>头文件</Filter>
    </ClInclude>
    <ClInclude Include="XVariableParseNode.h">
      <Filter>头文件</Filter>
    </ClInclude>
    <ClInclude Include="BasicParseNodes\XPlusParseNode.h">
      <Filter>头文件</Filter>
    </ClInclude>
    <ClInclude Include="XFunctionParser.h">
      <Filter>头文件</Filter>
    </ClInclude>
    <ClInclude Include="BasicParseNodes\XMinusParseNode.h">
      <Filter>头文件</Filter>
    </ClInclude>
    <ClInclude Include="XConstantParseNode.h">
      <Filter>头文件</Filter>
    </ClInclude>
    <ClInclude Include="XBasicParseNodes.h">
      <Filter>头文件</Filter>
    </ClInclude>
    <ClInclude Include="BasicParseNodes\XMultiplyParseNode.h">
      <Filter>头文件</Filter>
    </ClInclude>
    <ClInclude Include="BasicParseNodes\XSinParseNode.h">
      <Filter>头文件</Filter>
    </ClInclude>
    <ClInclude Include="BasicParseNodes\XPowerParseNode.h">
      <Filter>头文件</Filter>
    </ClInclude>
    <ClInclude Include="BasicParseNodes\XCosParseNode.h">
      <Filter>头文件</Filter>
    </ClInclude>
    <ClInclude Include="BasicParseNodes\XTanParseNode.h">
      <Filter>头文件</Filter>
    </ClInclude>
    <ClInclude Include="BasicParseNodes\XExpParseNode.h">
      <Filter>头文件</Filter>
    </ClInclude>
    <ClInclude Include="BasicParseNodes\XDivideParseNode.h">
      <Filter>头文件</Filter>
    </ClInclude>
    <ClInclude Include="BasicParseNodes\XLnParseNode.h">
      <Filter>头文件</Filter>
    </ClInclude>
    <ClInclude Include="XNewton.h">
      <Filter>头文件</Filter>
    </ClInclude>
    <ClInclude Include="BasicParseNodes\XNegateParseNode.h">
      <Filter>头文件</Filter>
    </ClInclude>
  </ItemGroup>
</Project>