<?xml version="1.0" encoding="utf-8"?>
<Project ToolsVersion="4.0" xmlns="http://schemas.microsoft.com/developer/msbuild/2003">
  <ItemGroup>
    <Filter Include="Core">
      <UniqueIdentifier>{e96beb01-1af4-4532-a37d-b3fb5c93d295}</UniqueIdentifier>
    </Filter>
  </ItemGroup>
  <ItemGroup>
    <ClInclude Include="$(MSBuildThisFileDirectory)Core\OpenGLDefines.h">
      <Filter>Core</Filter>
    </ClInclude>
  </ItemGroup>
</Project>