<?xml version="1.0" encoding="utf-8"?>
<Project ToolsVersion="4.0" xmlns="http://schemas.microsoft.com/developer/msbuild/2003">
  <ItemGroup>
    <Filter Include="Code Files">
      <UniqueIdentifier>{d55032b2-edb1-4d58-b82b-ebc156441292}</UniqueIdentifier>
    </Filter>
    <Filter Include="Code Files\Containers">
      <UniqueIdentifier>{0e402769-3416-4b16-8ff1-bb6364f3d7c4}</UniqueIdentifier>
    </Filter>
    <Filter Include="Code Files\Pointers">
      <UniqueIdentifier>{e511487c-6505-4ae6-8bdd-82c568bd4c35}</UniqueIdentifier>
    </Filter>
    <Filter Include="Code Files\Memory">
      <UniqueIdentifier>{9bc0e41c-7272-42ca-a5a3-5c739cd83eeb}</UniqueIdentifier>
    </Filter>
    <Filter Include="Code Files\Deleted">
      <UniqueIdentifier>{720e2530-7f50-42f5-a67d-9121a6b7beab}</UniqueIdentifier>
    </Filter>
    <Filter Include="Code Files\Tuples">
      <UniqueIdentifier>{f6627f29-1754-4e02-b197-860d4747b1a5}</UniqueIdentifier>
    </Filter>
  </ItemGroup>
  <ItemGroup>
    <ClInclude Include="..\..\..\Core\XCAlgorithm.h">
      <Filter>Code Files</Filter>
    </ClInclude>
    <ClInclude Include="..\..\..\Core\XCBasic.h">
      <Filter>Code Files</Filter>
    </ClInclude>
    <ClInclude Include="..\..\..\Core\XCIterators.h">
      <Filter>Code Files</Filter>
    </ClInclude>
    <ClInclude Include="..\..\..\Core\XCMemory.h">
      <Filter>Code Files</Filter>
    </ClInclude>
    <ClInclude Include="..\..\..\Core\XCPointers.h">
      <Filter>Code Files</Filter>
    </ClInclude>
    <ClInclude Include="..\..\..\Core\XCTypeTraits.h">
      <Filter>Code Files</Filter>
    </ClInclude>
    <ClInclude Include="..\..\..\Core\Containers\XCArray.h">
      <Filter>Code Files\Containers</Filter>
    </ClInclude>
    <ClInclude Include="..\..\..\Core\Pointers\XCAutoPointer.h">
      <Filter>Code Files\Pointers</Filter>
    </ClInclude>
    <ClInclude Include="..\..\..\Core\Memory\XCAllocators.h">
      <Filter>Code Files\Memory</Filter>
    </ClInclude>
    <ClInclude Include="..\..\..\Core\Memory\XCConstruts.h">
      <Filter>Code Files\Memory</Filter>
    </ClInclude>
    <ClInclude Include="..\..\..\Core\Memory\XCInitialized.h">
      <Filter>Code Files\Memory</Filter>
    </ClInclude>
    <ClInclude Include="..\..\..\Core\Memory\XCUninitializeds.h">
      <Filter>Code Files\Memory</Filter>
    </ClInclude>
    <ClInclude Include="..\..\..\Core\Deleted\AVLTree.h">
      <Filter>Code Files\Deleted</Filter>
    </ClInclude>
    <ClInclude Include="..\..\..\Core\Deleted\BinaryTree.h">
      <Filter>Code Files\Deleted</Filter>
    </ClInclude>
    <ClInclude Include="..\..\..\Core\Deleted\List.h">
      <Filter>Code Files\Deleted</Filter>
    </ClInclude>
    <ClInclude Include="..\..\..\Core\Deleted\Map.h">
      <Filter>Code Files\Deleted</Filter>
    </ClInclude>
    <ClInclude Include="..\..\..\Core\Deleted\RedBlackTree.h">
      <Filter>Code Files\Deleted</Filter>
    </ClInclude>
    <ClInclude Include="..\..\..\Core\Deleted\Stack.h">
      <Filter>Code Files\Deleted</Filter>
    </ClInclude>
    <ClInclude Include="..\..\..\Core\XCContainers.h">
      <Filter>Code Files</Filter>
    </ClInclude>
    <ClInclude Include="..\..\..\Core\Containers\XCList.h">
      <Filter>Code Files\Containers</Filter>
    </ClInclude>
    <ClInclude Include="..\..\..\Core\Tuples\XCTuple.h">
      <Filter>Code Files\Tuples</Filter>
    </ClInclude>
  </ItemGroup>
  <ItemGroup>
    <ClCompile Include="..\..\..\Core\UnitTest.cpp">
      <Filter>Code Files</Filter>
    </ClCompile>
  </ItemGroup>
</Project>