<?xml version="1.0" encoding="utf-8"?>
<Project ToolsVersion="4.0" xmlns="http://schemas.microsoft.com/developer/msbuild/2003">
  <ItemGroup>
    <Filter Include="Pointers">
      <UniqueIdentifier>{1f2c31b5-9a53-4ab3-86a8-7944b62cc999}</UniqueIdentifier>
    </Filter>
    <Filter Include="Containers">
      <UniqueIdentifier>{5798278d-f520-4429-a345-d02f6ed950a3}</UniqueIdentifier>
    </Filter>
    <Filter Include="SyntaxSugars">
      <UniqueIdentifier>{d83ab83f-dbaa-42db-a0ea-be9d5ef84ebd}</UniqueIdentifier>
    </Filter>
    <Filter Include="Types">
      <UniqueIdentifier>{10fa6791-10cb-46f9-acfb-59275e447973}</UniqueIdentifier>
    </Filter>
    <Filter Include="Algorithms">
      <UniqueIdentifier>{fe1759e1-d0c5-4e87-b94d-40b541d2f8d5}</UniqueIdentifier>
    </Filter>
    <Filter Include="Functors">
      <UniqueIdentifier>{b9aa72b1-83d8-4508-9858-2f03a1ef3424}</UniqueIdentifier>
    </Filter>
    <Filter Include="Memories">
      <UniqueIdentifier>{1aaaf6b8-5e31-4a89-84c7-8c27793a37b5}</UniqueIdentifier>
    </Filter>
    <Filter Include="Iterators">
      <UniqueIdentifier>{44ddd707-6964-47a5-9e87-3deb482504a4}</UniqueIdentifier>
    </Filter>
    <Filter Include="Delegates">
      <UniqueIdentifier>{a4e3b147-f24a-428f-9f57-7cac67f4dc7a}</UniqueIdentifier>
    </Filter>
  </ItemGroup>
  <ItemGroup>
    <ClInclude Include="$(MSBuildThisFileDirectory)..\..\Containers\Array.h">
      <Filter>Containers</Filter>
    </ClInclude>
    <ClInclude Include="$(MSBuildThisFileDirectory)..\..\Containers\Dequeue.h">
      <Filter>Containers</Filter>
    </ClInclude>
    <ClInclude Include="$(MSBuildThisFileDirectory)..\..\Containers\List.h">
      <Filter>Containers</Filter>
    </ClInclude>
    <ClInclude Include="$(MSBuildThisFileDirectory)..\..\Containers\Queue.h">
      <Filter>Containers</Filter>
    </ClInclude>
    <ClInclude Include="$(MSBuildThisFileDirectory)..\..\Containers\Stack.h">
      <Filter>Containers</Filter>
    </ClInclude>
    <ClInclude Include="$(MSBuildThisFileDirectory)..\..\SyntaxSugars\NamespaceSyntaxSugar.h">
      <Filter>SyntaxSugars</Filter>
    </ClInclude>
    <ClInclude Include="$(MSBuildThisFileDirectory)..\..\SyntaxSugars\SyntaxSugars.h">
      <Filter>SyntaxSugars</Filter>
    </ClInclude>
    <ClInclude Include="$(MSBuildThisFileDirectory)..\..\SyntaxSugars\UnitTestSyntaxSugar.h">
      <Filter>SyntaxSugars</Filter>
    </ClInclude>
    <ClInclude Include="$(MSBuildThisFileDirectory)..\..\Delegates\Delegate.h">
      <Filter>Delegates</Filter>
    </ClInclude>
    <ClInclude Include="$(MSBuildThisFileDirectory)..\..\Delegates\Delegates.h">
      <Filter>Delegates</Filter>
    </ClInclude>
    <ClInclude Include="$(MSBuildThisFileDirectory)..\..\Delegates\CallableObject.h">
      <Filter>Delegates</Filter>
    </ClInclude>
    <ClInclude Include="$(MSBuildThisFileDirectory)..\..\Types\TypeTraits.h">
      <Filter>Types</Filter>
    </ClInclude>
    <ClInclude Include="$(MSBuildThisFileDirectory)..\..\Pointers\Pointers.h">
      <Filter>Pointers</Filter>
    </ClInclude>
    <ClInclude Include="$(MSBuildThisFileDirectory)..\..\Pointers\UniquePointer.h">
      <Filter>Pointers</Filter>
    </ClInclude>
    <ClInclude Include="$(MSBuildThisFileDirectory)..\..\Pointers\ValuePointer.h">
      <Filter>Pointers</Filter>
    </ClInclude>
    <ClInclude Include="$(MSBuildThisFileDirectory)..\..\Types\Basic.h">
      <Filter>Types</Filter>
    </ClInclude>
    <ClInclude Include="$(MSBuildThisFileDirectory)..\..\Types\Types.h">
      <Filter>Types</Filter>
    </ClInclude>
    <ClInclude Include="$(MSBuildThisFileDirectory)..\..\Memories\Construts.h">
      <Filter>Memories</Filter>
    </ClInclude>
    <ClInclude Include="$(MSBuildThisFileDirectory)..\..\Memories\Allocators.h">
      <Filter>Memories</Filter>
    </ClInclude>
    <ClInclude Include="$(MSBuildThisFileDirectory)..\..\Memories\Initialized.h">
      <Filter>Memories</Filter>
    </ClInclude>
    <ClInclude Include="$(MSBuildThisFileDirectory)..\..\Memories\Uninitializeds.h">
      <Filter>Memories</Filter>
    </ClInclude>
    <ClInclude Include="$(MSBuildThisFileDirectory)..\..\Memories\Memories.h">
      <Filter>Memories</Filter>
    </ClInclude>
    <ClInclude Include="$(MSBuildThisFileDirectory)..\..\Algorithms\Algorithms.h">
      <Filter>Algorithms</Filter>
    </ClInclude>
    <ClInclude Include="$(MSBuildThisFileDirectory)..\..\Algorithms\Heap.h">
      <Filter>Algorithms</Filter>
    </ClInclude>
    <ClInclude Include="$(MSBuildThisFileDirectory)..\..\Core.h" />
    <ClInclude Include="$(MSBuildThisFileDirectory)..\..\Delegates\Property.h">
      <Filter>Delegates</Filter>
    </ClInclude>
    <ClInclude Include="$(MSBuildThisFileDirectory)..\..\Algorithms\Basic.h">
      <Filter>Algorithms</Filter>
    </ClInclude>
    <ClInclude Include="$(MSBuildThisFileDirectory)..\..\Pointers\IMPLPointer.h">
      <Filter>Memories</Filter>
    </ClInclude>
    <ClInclude Include="$(MSBuildThisFileDirectory)..\..\Iterators\Iterators.h">
      <Filter>Iterators</Filter>
    </ClInclude>
  </ItemGroup>
</Project>