<?xml version="1.0" encoding="utf-8"?>
<Project ToolsVersion="4.0" xmlns="http://schemas.microsoft.com/developer/msbuild/2003">
  <ItemGroup>
    <Filter Include="Common">
      <UniqueIdentifier>{ce3d2d27-3b8b-4bfc-a0f5-bc57e40e3c05}</UniqueIdentifier>
    </Filter>
    <Filter Include="Core">
      <UniqueIdentifier>{5cf47224-77fe-4100-90fd-7de54f40f60d}</UniqueIdentifier>
    </Filter>
    <Filter Include="Renderers">
      <UniqueIdentifier>{a6a743dc-8402-46e3-b225-4f43ec2dd2b0}</UniqueIdentifier>
    </Filter>
    <Filter Include="Shaders">
      <UniqueIdentifier>{3d010b6e-1b65-4609-9094-f462a606aa47}</UniqueIdentifier>
    </Filter>
    <Filter Include="Shader">
      <UniqueIdentifier>{1763738e-c33f-4d8a-ae9c-71b00cf9f642}</UniqueIdentifier>
    </Filter>
  </ItemGroup>
  <ItemGroup>
    <ClInclude Include="$(MSBuildThisFileDirectory)..\..\Core\Core.h">
      <Filter>Core</Filter>
    </ClInclude>
    <ClInclude Include="$(MSBuildThisFileDirectory)..\..\Common\DirectX11Includes.h">
      <Filter>Common</Filter>
    </ClInclude>
    <ClInclude Include="$(MSBuildThisFileDirectory)..\..\Shaders\ShaderStructures.h">
      <Filter>Shaders</Filter>
    </ClInclude>
    <ClInclude Include="$(MSBuildThisFileDirectory)..\..\Renderers\BasicRenderer.h">
      <Filter>Renderers</Filter>
    </ClInclude>
    <ClInclude Include="$(MSBuildThisFileDirectory)..\..\Common\Renderer.h">
      <Filter>Common</Filter>
    </ClInclude>
    <ClInclude Include="$(MSBuildThisFileDirectory)..\..\Common\DeviceResources.h">
      <Filter>Common</Filter>
    </ClInclude>
    <ClInclude Include="$(MSBuildThisFileDirectory)..\..\Common.h" />
    <ClInclude Include="$(MSBuildThisFileDirectory)..\..\Renderers\Basic2DRenderer.h">
      <Filter>Renderers</Filter>
    </ClInclude>
  </ItemGroup>
  <ItemGroup>
    <ClCompile Include="$(MSBuildThisFileDirectory)..\..\Common\Renderer.cpp">
      <Filter>Common</Filter>
    </ClCompile>
    <ClCompile Include="$(MSBuildThisFileDirectory)..\..\Common\DeviceResources.cpp">
      <Filter>Common</Filter>
    </ClCompile>
    <ClCompile Include="$(MSBuildThisFileDirectory)..\..\Renderers\Basic2DRenderer.cpp">
      <Filter>Renderers</Filter>
    </ClCompile>
  </ItemGroup>
  <ItemGroup>
    <FxCompile Include="$(MSBuildThisFileDirectory)..\..\Shaders\BasicVertexShader.hlsl">
      <Filter>Shaders</Filter>
    </FxCompile>
  </ItemGroup>
  <ItemGroup>
    <None Include="$(MSBuildThisFileDirectory)..\..\Shaders\BasicPixelShader.hlsl">
      <Filter>Shaders</Filter>
    </None>
    <None Include="$(MSBuildThisFileDirectory)..\..\Shaders\Basic2DVertexShader.hlsl">
      <Filter>Shaders</Filter>
    </None>
    <None Include="$(MSBuildThisFileDirectory)..\..\Shaders\Basic2DPixelShader.hlsl">
      <Filter>Shaders</Filter>
    </None>
  </ItemGroup>
</Project>