<?xml version="1.0" encoding="utf-8"?>
<Project ToolsVersion="4.0" xmlns="http://schemas.microsoft.com/developer/msbuild/2003">
  <ItemGroup>
    <Filter Include="通用">
      <UniqueIdentifier>79347039-0be1-4484-956e-90c2144ee7db</UniqueIdentifier>
    </Filter>
    <Filter Include="资产">
      <UniqueIdentifier>768dcbe8-1907-429c-bb22-8ddc3f9ab228</UniqueIdentifier>
      <Extensions>bmp;fbx;gif;jpg;jpeg;tga;tiff;tif;png</Extensions>
    </Filter>
	<Filter Include="内容">
      <UniqueIdentifier>968c4d01-5ec2-4fd0-8fb4-51461b7f3295</UniqueIdentifier>
    </Filter>
    <Image Include="Assets\Logo.png">
      <Filter>资产</Filter>
    </Image>
    <Image Include="Assets\SmallLogo.png">
      <Filter>资产</Filter>
    </Image>
    <Image Include="Assets\StoreLogo.png">
      <Filter>资产</Filter>
    </Image>
    <Image Include="Assets\SplashScreen.png">
      <Filter>资产</Filter>
    </Image>
  </ItemGroup>
</Project>