<?xml version="1.0" encoding="utf-8"?>
<Project ToolsVersion="4.0" xmlns="http://schemas.microsoft.com/developer/msbuild/2003">
  <ItemGroup>
    <Filter Include="Core">
      <UniqueIdentifier>{5b9d2e91-c19c-4945-9111-b5fb18ab01ae}</UniqueIdentifier>
    </Filter>
    <Filter Include="GUI">
      <UniqueIdentifier>{8e7cd02a-32c6-4c9a-a222-3d272be213d4}</UniqueIdentifier>
    </Filter>
    <Filter Include="Drawing2D">
      <UniqueIdentifier>{1ebc6fdb-6df3-40c4-944e-22046c533551}</UniqueIdentifier>
    </Filter>
    <Filter Include="Core\Pointers">
      <UniqueIdentifier>{3a3f3ce5-35ad-43a0-b0ba-b72423025cf1}</UniqueIdentifier>
    </Filter>
    <Filter Include="Core\SyntaxSugars">
      <UniqueIdentifier>{5ca5d5f4-4d1e-45fe-81e8-b22ec9dfb5dd}</UniqueIdentifier>
    </Filter>
    <Filter Include="GUI\Inferfaces">
      <UniqueIdentifier>{3417bb16-a07e-471b-9648-75f9c54adc6e}</UniqueIdentifier>
    </Filter>
    <Filter Include="Drawing2D\GDI">
      <UniqueIdentifier>{0fbb3bdf-0e7d-44fe-92d7-1c6aae829c45}</UniqueIdentifier>
    </Filter>
    <Filter Include="Core\Delegates">
      <UniqueIdentifier>{bc8d24b2-f193-4d66-8052-29d11b154967}</UniqueIdentifier>
    </Filter>
  </ItemGroup>
  <ItemGroup>
    <ClInclude Include="$(MSBuildThisFileDirectory)..\..\Core\Property.h">
      <Filter>Core</Filter>
    </ClInclude>
    <ClInclude Include="$(MSBuildThisFileDirectory)..\..\Core\Pointers\UniquePointer.h">
      <Filter>Core\Pointers</Filter>
    </ClInclude>
    <ClInclude Include="$(MSBuildThisFileDirectory)..\..\Core\Pointers\ValuePointer.h">
      <Filter>Core\Pointers</Filter>
    </ClInclude>
    <ClInclude Include="$(MSBuildThisFileDirectory)..\..\Core\Pointers\IMPLPointer.h">
      <Filter>Core\Pointers</Filter>
    </ClInclude>
    <ClInclude Include="$(MSBuildThisFileDirectory)..\..\Core\SyntaxSugars\NamespaceSyntaxSugar.h">
      <Filter>Core\SyntaxSugars</Filter>
    </ClInclude>
    <ClInclude Include="$(MSBuildThisFileDirectory)..\..\Core\Core.h">
      <Filter>Core</Filter>
    </ClInclude>
    <ClInclude Include="$(MSBuildThisFileDirectory)..\..\Core\Pointers\Pointers.h">
      <Filter>Core\Pointers</Filter>
    </ClInclude>
    <ClInclude Include="$(MSBuildThisFileDirectory)..\..\Core\SyntaxSugars\SyntaxSugars.h">
      <Filter>Core\SyntaxSugars</Filter>
    </ClInclude>
    <ClInclude Include="$(MSBuildThisFileDirectory)..\..\Core\SyntaxSugars\UnitTestSyntaxSugar.h">
      <Filter>Core\SyntaxSugars</Filter>
    </ClInclude>
    <ClInclude Include="$(MSBuildThisFileDirectory)..\..\GUI\GUI.h">
      <Filter>GUI</Filter>
    </ClInclude>
    <ClInclude Include="$(MSBuildThisFileDirectory)..\..\Drawing2D\Core.h">
      <Filter>Drawing2D</Filter>
    </ClInclude>
    <ClInclude Include="$(MSBuildThisFileDirectory)..\..\Drawing2D\GDI\GDI.h">
      <Filter>Drawing2D\GDI</Filter>
    </ClInclude>
    <ClInclude Include="$(MSBuildThisFileDirectory)..\..\GUI\Events.h">
      <Filter>GUI</Filter>
    </ClInclude>
    <ClInclude Include="$(MSBuildThisFileDirectory)..\..\Drawing2D\Drawing2D.h">
      <Filter>Drawing2D</Filter>
    </ClInclude>
    <ClInclude Include="$(MSBuildThisFileDirectory)..\..\GUI\Application.h">
      <Filter>GUI</Filter>
    </ClInclude>
    <ClInclude Include="$(MSBuildThisFileDirectory)..\..\GUI\Defines.h">
      <Filter>GUI</Filter>
    </ClInclude>
    <ClInclude Include="$(MSBuildThisFileDirectory)..\..\GUI\Interfaces\IApplication.h">
      <Filter>GUI\Inferfaces</Filter>
    </ClInclude>
    <ClInclude Include="$(MSBuildThisFileDirectory)..\..\GUI\Interfaces\INativeWindow.h">
      <Filter>GUI\Inferfaces</Filter>
    </ClInclude>
    <ClInclude Include="$(MSBuildThisFileDirectory)..\..\GUI\SystemNativeWindows.h">
      <Filter>GUI</Filter>
    </ClInclude>
    <ClInclude Include="$(MSBuildThisFileDirectory)..\..\GUI\NativeWindow.h">
      <Filter>GUI</Filter>
    </ClInclude>
    <ClInclude Include="$(MSBuildThisFileDirectory)..\..\GUI\UserNativeWindow.h">
      <Filter>GUI</Filter>
    </ClInclude>
    <ClInclude Include="$(MSBuildThisFileDirectory)..\..\GUI\MessageWindow.h">
      <Filter>GUI</Filter>
    </ClInclude>
    <ClInclude Include="$(MSBuildThisFileDirectory)..\..\GUI\Layout.h">
      <Filter>GUI</Filter>
    </ClInclude>
    <ClInclude Include="$(MSBuildThisFileDirectory)..\..\Core\Delegates\Delegate.h">
      <Filter>Core\Delegates</Filter>
    </ClInclude>
    <ClInclude Include="$(MSBuildThisFileDirectory)..\..\Core\Delegates\CallableObject.h">
      <Filter>Core\Delegates</Filter>
    </ClInclude>
  </ItemGroup>
  <ItemGroup>
    <ClCompile Include="$(MSBuildThisFileDirectory)..\..\Drawing2D\GDI\GDI.cpp">
      <Filter>Drawing2D\GDI</Filter>
    </ClCompile>
    <ClCompile Include="$(MSBuildThisFileDirectory)..\..\GUI\Application.cpp">
      <Filter>GUI</Filter>
    </ClCompile>
    <ClCompile Include="$(MSBuildThisFileDirectory)..\..\GUI\SystemNativeWindows.cpp">
      <Filter>GUI</Filter>
    </ClCompile>
    <ClCompile Include="$(MSBuildThisFileDirectory)..\..\GUI\NativeWindow.cpp">
      <Filter>GUI</Filter>
    </ClCompile>
    <ClCompile Include="$(MSBuildThisFileDirectory)..\..\GUI\UserNativeWindow.cpp">
      <Filter>GUI</Filter>
    </ClCompile>
    <ClCompile Include="$(MSBuildThisFileDirectory)..\..\GUI\MessageWindow.cpp">
      <Filter>GUI</Filter>
    </ClCompile>
    <ClCompile Include="$(MSBuildThisFileDirectory)..\..\GUI\Layout.cpp">
      <Filter>GUI</Filter>
    </ClCompile>
  </ItemGroup>
</Project>